
Microsoft Visual Studio Solution File, Format Version 12.00
# Visual Studio Version 16
VisualStudioVersion = 16.0.32126.315
MinimumVisualStudioVersion = 10.0.40219.1
Project("{FAE04EC0-301F-11D3-BF4B-00C04F79EFBC}") = "CinemaBookingSystem", "CinemaBookingSystem\CinemaBookingSystem.csproj", "{AC097FC1-234A-4303-B45A-B02DFF71827B}"
EndProject
Global
	GlobalSection(SolutionConfigurationPlatforms) = preSolution
		Debug|Any CPU = Debug|Any CPU
		Release|Any CPU = Release|Any CPU
	EndGlobalSection
	GlobalSection(ProjectConfigurationPlatforms) = postSolution
		{AC097FC1-234A-4303-B45A-B02DFF71827B}.Debug|Any CPU.ActiveCfg = Debug|Any CPU
		{AC097FC1-234A-4303-B45A-B02DFF71827B}.Debug|Any CPU.Build.0 = Debug|Any CPU
		{AC097FC1-234A-4303-B45A-B02DFF71827B}.Release|Any CPU.ActiveCfg = Release|Any CPU
		{AC097FC1-234A-4303-B45A-B02DFF71827B}.Release|Any CPU.Build.0 = Release|Any CPU
	EndGlobalSection
	GlobalSection(SolutionProperties) = preSolution
		HideSolutionNode = FALSE
	EndGlobalSection
	GlobalSection(ExtensibilityGlobals) = postSolution
		SolutionGuid = {557C06BA-530B-4D8E-AD30-8EB9927333D7}
	EndGlobalSection
EndGlobal
